
Microsoft Visual Studio Solution File, Format Version 12.00
# Visual Studio Version 17
VisualStudioVersion = 17.4.33213.308
MinimumVisualStudioVersion = 10.0.40219.1
Project("{9A19103F-16F7-4668-BE54-9A1E7A4F7556}") = "AppAPI", "AppAPI\AppAPI.csproj", "{8A3EC0E4-3807-426C-BC18-34FC65FCF857}"
EndProject
Project("{9A19103F-16F7-4668-BE54-9A1E7A4F7556}") = "TestAPIConsole", "TestAPIConsole\TestAPIConsole.csproj", "{B35F45C3-CB99-4129-A821-11EC247B684F}"
EndProject
Project("{9A19103F-16F7-4668-BE54-9A1E7A4F7556}") = "TestAPIWF", "TestAPIWF\TestAPIWF.csproj", "{0C43E340-9888-4AB4-BBFF-4FCAE619AA64}"
EndProject
Project("{9A19103F-16F7-4668-BE54-9A1E7A4F7556}") = "TestAPIWebMVC", "TestAPIWebMVC\TestAPIWebMVC.csproj", "{C0426154-FEF5-44D9-BF01-BCB68FA172FE}"
EndProject
Project("{FAE04EC0-301F-11D3-BF4B-00C04F79EFBC}") = "CRUD_UsingAPI", "CRUD_UsingAPI\CRUD_UsingAPI.csproj", "{FEBB30E4-964C-4FF9-9386-B6084996342F}"
EndProject
Project("{FAE04EC0-301F-11D3-BF4B-00C04F79EFBC}") = "CRUDWithAPI", "CRUDWithAPI\CRUDWithAPI.csproj", "{BC85EE7A-75FB-4333-9DC5-8085D1D84A24}"
EndProject
Global
	GlobalSection(SolutionConfigurationPlatforms) = preSolution
		Debug|Any CPU = Debug|Any CPU
		Release|Any CPU = Release|Any CPU
	EndGlobalSection
	GlobalSection(ProjectConfigurationPlatforms) = postSolution
		{8A3EC0E4-3807-426C-BC18-34FC65FCF857}.Debug|Any CPU.ActiveCfg = Debug|Any CPU
		{8A3EC0E4-3807-426C-BC18-34FC65FCF857}.Debug|Any CPU.Build.0 = Debug|Any CPU
		{8A3EC0E4-3807-426C-BC18-34FC65FCF857}.Release|Any CPU.ActiveCfg = Release|Any CPU
		{8A3EC0E4-3807-426C-BC18-34FC65FCF857}.Release|Any CPU.Build.0 = Release|Any CPU
		{B35F45C3-CB99-4129-A821-11EC247B684F}.Debug|Any CPU.ActiveCfg = Debug|Any CPU
		{B35F45C3-CB99-4129-A821-11EC247B684F}.Debug|Any CPU.Build.0 = Debug|Any CPU
		{B35F45C3-CB99-4129-A821-11EC247B684F}.Release|Any CPU.ActiveCfg = Release|Any CPU
		{B35F45C3-CB99-4129-A821-11EC247B684F}.Release|Any CPU.Build.0 = Release|Any CPU
		{0C43E340-9888-4AB4-BBFF-4FCAE619AA64}.Debug|Any CPU.ActiveCfg = Debug|Any CPU
		{0C43E340-9888-4AB4-BBFF-4FCAE619AA64}.Debug|Any CPU.Build.0 = Debug|Any CPU
		{0C43E340-9888-4AB4-BBFF-4FCAE619AA64}.Release|Any CPU.ActiveCfg = Release|Any CPU
		{0C43E340-9888-4AB4-BBFF-4FCAE619AA64}.Release|Any CPU.Build.0 = Release|Any CPU
		{C0426154-FEF5-44D9-BF01-BCB68FA172FE}.Debug|Any CPU.ActiveCfg = Debug|Any CPU
		{C0426154-FEF5-44D9-BF01-BCB68FA172FE}.Debug|Any CPU.Build.0 = Debug|Any CPU
		{C0426154-FEF5-44D9-BF01-BCB68FA172FE}.Release|Any CPU.ActiveCfg = Release|Any CPU
		{C0426154-FEF5-44D9-BF01-BCB68FA172FE}.Release|Any CPU.Build.0 = Release|Any CPU
		{FEBB30E4-964C-4FF9-9386-B6084996342F}.Debug|Any CPU.ActiveCfg = Debug|Any CPU
		{FEBB30E4-964C-4FF9-9386-B6084996342F}.Debug|Any CPU.Build.0 = Debug|Any CPU
		{FEBB30E4-964C-4FF9-9386-B6084996342F}.Release|Any CPU.ActiveCfg = Release|Any CPU
		{FEBB30E4-964C-4FF9-9386-B6084996342F}.Release|Any CPU.Build.0 = Release|Any CPU
		{BC85EE7A-75FB-4333-9DC5-8085D1D84A24}.Debug|Any CPU.ActiveCfg = Debug|Any CPU
		{BC85EE7A-75FB-4333-9DC5-8085D1D84A24}.Debug|Any CPU.Build.0 = Debug|Any CPU
		{BC85EE7A-75FB-4333-9DC5-8085D1D84A24}.Release|Any CPU.ActiveCfg = Release|Any CPU
		{BC85EE7A-75FB-4333-9DC5-8085D1D84A24}.Release|Any CPU.Build.0 = Release|Any CPU
	EndGlobalSection
	GlobalSection(SolutionProperties) = preSolution
		HideSolutionNode = FALSE
	EndGlobalSection
	GlobalSection(ExtensibilityGlobals) = postSolution
		SolutionGuid = {F5506D86-8700-45E9-957A-BC833CF8479C}
	EndGlobalSection
EndGlobal
